# This file is generated by running "yarn install" inside your project.
# Manual changes might be lost - proceed with caution!

__metadata:
  version: 8
  cacheKey: 10c0

"@discordjs/builders@npm:^1.10.0":
  version: 1.10.0
  resolution: "@discordjs/builders@npm:1.10.0"
  dependencies:
    "@discordjs/formatters": "npm:^0.6.0"
    "@discordjs/util": "npm:^1.1.1"
    "@sapphire/shapeshift": "npm:^4.0.0"
    discord-api-types: "npm:^0.37.114"
    fast-deep-equal: "npm:^3.1.3"
    ts-mixer: "npm:^6.0.4"
    tslib: "npm:^2.6.3"
  checksum: 10c0/a063b6efe997358137af926a86a3ce64d5aead6f523ff97a316027186bbe5b1801d4dbd31e59398e28382aae181bb4e75a9b201cb79cc010e464aee738669c66
  languageName: node
  linkType: hard

"@discordjs/collection@npm:1.5.3":
  version: 1.5.3
  resolution: "@discordjs/collection@npm:1.5.3"
  checksum: 10c0/54338e005e9a1c6a5c91464cbcc378a5bf74410ad5b8bba1961b80d0ec8f1eb1b768ea737ad03bcb62430ea84aa5561523318b739538b334115ed775630ca42c
  languageName: node
  linkType: hard

"@discordjs/collection@npm:^2.1.0, @discordjs/collection@npm:^2.1.1":
  version: 2.1.1
  resolution: "@discordjs/collection@npm:2.1.1"
  checksum: 10c0/7bbb007271a046c981957b4a0543f6ca7e4c294a2d40987437ff06db5e92dbf35b8dc61719db2a7bc99557a58275742aa34be9f50487870a6e80acfc4fe45fa1
  languageName: node
  linkType: hard

"@discordjs/formatters@npm:^0.6.0":
  version: 0.6.0
  resolution: "@discordjs/formatters@npm:0.6.0"
  dependencies:
    discord-api-types: "npm:^0.37.114"
  checksum: 10c0/850fe67a5cea9109aa8568cc9521666dd5f2b96845e3cfa78c24ca53ef2c9f8d1411f3dcc20b268fb6e9703ed5a8c60cfb1aeab0a6718a650506edb64f3a67fd
  languageName: node
  linkType: hard

"@discordjs/rest@npm:^2.4.1, @discordjs/rest@npm:^2.4.2":
  version: 2.4.2
  resolution: "@discordjs/rest@npm:2.4.2"
  dependencies:
    "@discordjs/collection": "npm:^2.1.1"
    "@discordjs/util": "npm:^1.1.1"
    "@sapphire/async-queue": "npm:^1.5.3"
    "@sapphire/snowflake": "npm:^3.5.3"
    "@vladfrangu/async_event_emitter": "npm:^2.4.6"
    discord-api-types: "npm:^0.37.114"
    magic-bytes.js: "npm:^1.10.0"
    tslib: "npm:^2.6.3"
    undici: "npm:6.19.8"
  checksum: 10c0/d380461d5e999d30110b3e28999e8d7b0609f263c61dc7ed1ad9076272edb2d05c726725ab19ac8c28b8dd602c4d385d38fd335384db968cda545e86897d2d2a
  languageName: node
  linkType: hard

"@discordjs/util@npm:^1.1.0, @discordjs/util@npm:^1.1.1":
  version: 1.1.1
  resolution: "@discordjs/util@npm:1.1.1"
  checksum: 10c0/a374648aae0dd98345996f41891add0523388297a6f6b99c7a37c83de4d832d91a464195502126967fac0f071e5ecb80f776ee42a887fffa9c5c0f4612381b98
  languageName: node
  linkType: hard

"@discordjs/ws@npm:^1.2.0":
  version: 1.2.0
  resolution: "@discordjs/ws@npm:1.2.0"
  dependencies:
    "@discordjs/collection": "npm:^2.1.0"
    "@discordjs/rest": "npm:^2.4.1"
    "@discordjs/util": "npm:^1.1.0"
    "@sapphire/async-queue": "npm:^1.5.2"
    "@types/ws": "npm:^8.5.10"
    "@vladfrangu/async_event_emitter": "npm:^2.2.4"
    discord-api-types: "npm:^0.37.114"
    tslib: "npm:^2.6.2"
    ws: "npm:^8.17.0"
  checksum: 10c0/8fd7cbe921c2122801f78b3ade2980bbaea1aaf78b0b94ec19a945e12a09a5671ce96445b72022852f5e5ac2fba22a0b0236bdb1718f1f647051f7b28a71e6e1
  languageName: node
  linkType: hard

"@sapphire/async-queue@npm:^1.5.2, @sapphire/async-queue@npm:^1.5.3":
  version: 1.5.5
  resolution: "@sapphire/async-queue@npm:1.5.5"
  checksum: 10c0/4d61cbd90513e25f60ec611cd6c85b62a85b58c227c14050bcaeb4141a472fddb1da32dea5c4769cd213b97a5b83a076af333cbbe90efb97973d9fce47ef3ef0
  languageName: node
  linkType: hard

"@sapphire/shapeshift@npm:^4.0.0":
  version: 4.0.0
  resolution: "@sapphire/shapeshift@npm:4.0.0"
  dependencies:
    fast-deep-equal: "npm:^3.1.3"
    lodash: "npm:^4.17.21"
  checksum: 10c0/2abbfd20977e800455108688e45fff7b7c6e197256c8f8a54db90025a900914908b5fa4ffcbd1eacb4c692792cbed980613aa878e09f1fd87ab5052b6a6d6bce
  languageName: node
  linkType: hard

"@sapphire/snowflake@npm:3.5.3":
  version: 3.5.3
  resolution: "@sapphire/snowflake@npm:3.5.3"
  checksum: 10c0/361b6a3e16eea4eb48b2608005ce397d4163065ccd84077059a0f609b97fb9cc52a173d7a64bbfce6f5d1e77be0f9704fd72ef64683a3dc7e455e9b4a1c90db1
  languageName: node
  linkType: hard

"@sapphire/snowflake@npm:^3.5.3":
  version: 3.5.5
  resolution: "@sapphire/snowflake@npm:3.5.5"
  checksum: 10c0/ca6be43c4d90e7c5843bb6aaed59df5cae796404b6948a0fd03caa841d1fded20b64ef84a9df93325b1c4a01165956a3a4b4cb5d7387efee1611fa09488c7068
  languageName: node
  linkType: hard

"@types/node@npm:*":
  version: 22.10.3
  resolution: "@types/node@npm:22.10.3"
  dependencies:
    undici-types: "npm:~6.20.0"
  checksum: 10c0/0471a73c8672c803b1f2b912c2c466d00a217186933e8ff38ec7779b4a3f88a0eea3b513a59f2abf9de17cc8bbca688a3c6643c6513ac8dd1c3e45d25fab93b1
  languageName: node
  linkType: hard

"@types/ws@npm:^8.5.10":
  version: 8.5.13
  resolution: "@types/ws@npm:8.5.13"
  dependencies:
    "@types/node": "npm:*"
  checksum: 10c0/a5430aa479bde588e69cb9175518d72f9338b6999e3b2ae16fc03d3bdcff8347e486dc031e4ed14601260463c07e1f9a0d7511dfc653712b047c439c680b0b34
  languageName: node
  linkType: hard

"@vladfrangu/async_event_emitter@npm:^2.2.4, @vladfrangu/async_event_emitter@npm:^2.4.6":
  version: 2.4.6
  resolution: "@vladfrangu/async_event_emitter@npm:2.4.6"
  checksum: 10c0/1fe634878902da584493ecb8e81c855436c002b215dd7c25c21780930fc5621ebe8eb79d5b899a56af0d1ea9ea9171e35175221e4438e2f56c67ce64d4b8a373
  languageName: node
  linkType: hard

"atomic-sleep@npm:^1.0.0":
  version: 1.0.0
  resolution: "atomic-sleep@npm:1.0.0"
  checksum: 10c0/e329a6665512736a9bbb073e1761b4ec102f7926cce35037753146a9db9c8104f5044c1662e4a863576ce544fb8be27cd2be6bc8c1a40147d03f31eb1cfb6e8a
  languageName: node
  linkType: hard

"aws-ssl-profiles@npm:^1.1.1":
  version: 1.1.2
  resolution: "aws-ssl-profiles@npm:1.1.2"
  checksum: 10c0/e5f59a4146fe3b88ad2a84f814886c788557b80b744c8cbcb1cbf8cf5ba19cc006a7a12e88819adc614ecda9233993f8f1d1f3b612cbc2f297196df9e8f4f66e
  languageName: node
  linkType: hard

"colorette@npm:^2.0.7":
  version: 2.0.20
  resolution: "colorette@npm:2.0.20"
  checksum: 10c0/e94116ff33b0ff56f3b83b9ace895e5bf87c2a7a47b3401b8c3f3226e050d5ef76cf4072fb3325f9dc24d1698f9b730baf4e05eeaf861d74a1883073f4c98a40
  languageName: node
  linkType: hard

"dateformat@npm:^4.6.3":
  version: 4.6.3
  resolution: "dateformat@npm:4.6.3"
  checksum: 10c0/e2023b905e8cfe2eb8444fb558562b524807a51cdfe712570f360f873271600b5c94aebffaf11efb285e2c072264a7cf243eadb68f3eba0f8cc85fb86cd25df6
  languageName: node
  linkType: hard

"denque@npm:^2.1.0":
  version: 2.1.0
  resolution: "denque@npm:2.1.0"
  checksum: 10c0/f9ef81aa0af9c6c614a727cb3bd13c5d7db2af1abf9e6352045b86e85873e629690f6222f4edd49d10e4ccf8f078bbeec0794fafaf61b659c0589d0c511ec363
  languageName: node
  linkType: hard

"discord-api-types@npm:^0.37.114":
  version: 0.37.114
  resolution: "discord-api-types@npm:0.37.114"
  checksum: 10c0/0cfc3a2cd926b7978c951d7f1097a3d3210dd81c4d9f01e872cf1a5806dbc81904782f7ba7a68df763e6066403d506a7457d11c91ef35f536b26ee9433d2b865
  languageName: node
  linkType: hard

"discord.js@npm:^14.17.2":
  version: 14.17.2
  resolution: "discord.js@npm:14.17.2"
  dependencies:
    "@discordjs/builders": "npm:^1.10.0"
    "@discordjs/collection": "npm:1.5.3"
    "@discordjs/formatters": "npm:^0.6.0"
    "@discordjs/rest": "npm:^2.4.2"
    "@discordjs/util": "npm:^1.1.1"
    "@discordjs/ws": "npm:^1.2.0"
    "@sapphire/snowflake": "npm:3.5.3"
    discord-api-types: "npm:^0.37.114"
    fast-deep-equal: "npm:3.1.3"
    lodash.snakecase: "npm:4.1.1"
    tslib: "npm:^2.6.3"
    undici: "npm:6.19.8"
  checksum: 10c0/4c88520448948afd57611f4bb206d4b4083de17817bf0277781e78d4c19090361e8d9f137551e1307b00ed54ace47e53bd6bf118c7dd973ba83c076e41611fba
  languageName: node
  linkType: hard

"dotenv@npm:^16.4.7":
  version: 16.4.7
  resolution: "dotenv@npm:16.4.7"
  checksum: 10c0/be9f597e36a8daf834452daa1f4cc30e5375a5968f98f46d89b16b983c567398a330580c88395069a77473943c06b877d1ca25b4afafcdd6d4adb549e8293462
  languageName: node
  linkType: hard

"end-of-stream@npm:^1.1.0":
  version: 1.4.4
  resolution: "end-of-stream@npm:1.4.4"
  dependencies:
    once: "npm:^1.4.0"
  checksum: 10c0/870b423afb2d54bb8d243c63e07c170409d41e20b47eeef0727547aea5740bd6717aca45597a9f2745525667a6b804c1e7bede41f856818faee5806dd9ff3975
  languageName: node
  linkType: hard

"fast-copy@npm:^3.0.2":
  version: 3.0.2
  resolution: "fast-copy@npm:3.0.2"
  checksum: 10c0/02e8b9fd03c8c024d2987760ce126456a0e17470850b51e11a1c3254eed6832e4733ded2d93316c82bc0b36aeb991ad1ff48d1ba95effe7add7c3ab8d8eb554a
  languageName: node
  linkType: hard

"fast-deep-equal@npm:3.1.3, fast-deep-equal@npm:^3.1.3":
  version: 3.1.3
  resolution: "fast-deep-equal@npm:3.1.3"
  checksum: 10c0/40dedc862eb8992c54579c66d914635afbec43350afbbe991235fdcb4e3a8d5af1b23ae7e79bef7d4882d0ecee06c3197488026998fb19f72dc95acff1d1b1d0
  languageName: node
  linkType: hard

"fast-redact@npm:^3.1.1":
  version: 3.5.0
  resolution: "fast-redact@npm:3.5.0"
  checksum: 10c0/7e2ce4aad6e7535e0775bf12bd3e4f2e53d8051d8b630e0fa9e67f68cb0b0e6070d2f7a94b1d0522ef07e32f7c7cda5755e2b677a6538f1e9070ca053c42343a
  languageName: node
  linkType: hard

"fast-safe-stringify@npm:^2.1.1":
  version: 2.1.1
  resolution: "fast-safe-stringify@npm:2.1.1"
  checksum: 10c0/d90ec1c963394919828872f21edaa3ad6f1dddd288d2bd4e977027afff09f5db40f94e39536d4646f7e01761d704d72d51dce5af1b93717f3489ef808f5f4e4d
  languageName: node
  linkType: hard

"generate-function@npm:^2.3.1":
  version: 2.3.1
  resolution: "generate-function@npm:2.3.1"
  dependencies:
    is-property: "npm:^1.0.2"
  checksum: 10c0/4645cf1da90375e46a6f1dc51abc9933e5eafa4cd1a44c2f7e3909a30a4e9a1a08c14cd7d5b32da039da2dba2a085e1ed4597b580c196c3245b2d35d8bc0de5d
  languageName: node
  linkType: hard

"help-me@npm:^5.0.0":
  version: 5.0.0
  resolution: "help-me@npm:5.0.0"
  checksum: 10c0/054c0e2e9ae2231c85ab5e04f75109b9d068ffcc54e58fb22079822a5ace8ff3d02c66fd45379c902ad5ab825e5d2e1451fcc2f7eab1eb49e7d488133ba4cacb
  languageName: node
  linkType: hard

"iconv-lite@npm:^0.6.3":
  version: 0.6.3
  resolution: "iconv-lite@npm:0.6.3"
  dependencies:
    safer-buffer: "npm:>= 2.1.2 < 3.0.0"
  checksum: 10c0/98102bc66b33fcf5ac044099d1257ba0b7ad5e3ccd3221f34dd508ab4070edff183276221684e1e0555b145fce0850c9f7d2b60a9fcac50fbb4ea0d6e845a3b1
  languageName: node
  linkType: hard

"is-property@npm:^1.0.2":
  version: 1.0.2
  resolution: "is-property@npm:1.0.2"
  checksum: 10c0/33ab65a136e4ba3f74d4f7d9d2a013f1bd207082e11cedb160698e8d5394644e873c39668d112a402175ccbc58a087cef87198ed46829dbddb479115a0257283
  languageName: node
  linkType: hard

"joycon@npm:^3.1.1":
  version: 3.1.1
  resolution: "joycon@npm:3.1.1"
  checksum: 10c0/131fb1e98c9065d067fd49b6e685487ac4ad4d254191d7aa2c9e3b90f4e9ca70430c43cad001602bdbdabcf58717d3b5c5b7461c1bd8e39478c8de706b3fe6ae
  languageName: node
  linkType: hard

"lodash.snakecase@npm:4.1.1":
  version: 4.1.1
  resolution: "lodash.snakecase@npm:4.1.1"
  checksum: 10c0/f0b3f2497eb20eea1a1cfc22d645ecaeb78ac14593eb0a40057977606d2f35f7aaff0913a06553c783b535aafc55b718f523f9eb78f8d5293f492af41002eaf9
  languageName: node
  linkType: hard

"lodash@npm:^4.17.21":
  version: 4.17.21
  resolution: "lodash@npm:4.17.21"
  checksum: 10c0/d8cbea072bb08655bb4c989da418994b073a608dffa608b09ac04b43a791b12aeae7cd7ad919aa4c925f33b48490b5cfe6c1f71d827956071dae2e7bb3a6b74c
  languageName: node
  linkType: hard

"long@npm:^5.2.1":
  version: 5.2.3
  resolution: "long@npm:5.2.3"
  checksum: 10c0/6a0da658f5ef683b90330b1af76f06790c623e148222da9d75b60e266bbf88f803232dd21464575681638894a84091616e7f89557aa087fd14116c0f4e0e43d9
  languageName: node
  linkType: hard

"lru-cache@npm:^7.14.1":
  version: 7.18.3
  resolution: "lru-cache@npm:7.18.3"
  checksum: 10c0/b3a452b491433db885beed95041eb104c157ef7794b9c9b4d647be503be91769d11206bb573849a16b4cc0d03cbd15ffd22df7960997788b74c1d399ac7a4fed
  languageName: node
  linkType: hard

"lru.min@npm:^1.0.0":
  version: 1.1.1
  resolution: "lru.min@npm:1.1.1"
  checksum: 10c0/9bb1380dd9fdb155632122dfd2beb26e0c624ac141c4e95d551b66b5c523f2b7c4cdcc0b98a86419d59bc5d3af91c5699439ad06ec07f01b43d5aee51e1b34e8
  languageName: node
  linkType: hard

"magic-bytes.js@npm:^1.10.0":
  version: 1.10.0
  resolution: "magic-bytes.js@npm:1.10.0"
  checksum: 10c0/aa751a9be6baa80da19b395a4c538e1dcf652a3760a2e507b9e04c4cb3832635b718f8a947e5b0a434a1b323792632002f98815b3389f0beb3af1c4d51eb339e
  languageName: node
  linkType: hard

"minimist@npm:^1.2.6":
  version: 1.2.8
  resolution: "minimist@npm:1.2.8"
  checksum: 10c0/19d3fcdca050087b84c2029841a093691a91259a47def2f18222f41e7645a0b7c44ef4b40e88a1e58a40c84d2ef0ee6047c55594d298146d0eb3f6b737c20ce6
  languageName: node
  linkType: hard

"mysql2@npm:^3.12.0":
  version: 3.12.0
  resolution: "mysql2@npm:3.12.0"
  dependencies:
    aws-ssl-profiles: "npm:^1.1.1"
    denque: "npm:^2.1.0"
    generate-function: "npm:^2.3.1"
    iconv-lite: "npm:^0.6.3"
    long: "npm:^5.2.1"
    lru.min: "npm:^1.0.0"
    named-placeholders: "npm:^1.1.3"
    seq-queue: "npm:^0.0.5"
    sqlstring: "npm:^2.3.2"
  checksum: 10c0/2791072ce0ed6f75cc782d5a1abd4fc55bdf5860122be0f55dbc92756118d8490c30bf0f9357dcee205b900d177baecc4243bd12aa6730de396d94cc7320b827
  languageName: node
  linkType: hard

"named-placeholders@npm:^1.1.3":
  version: 1.1.3
  resolution: "named-placeholders@npm:1.1.3"
  dependencies:
    lru-cache: "npm:^7.14.1"
  checksum: 10c0/cd83b4bbdf358b2285e3c51260fac2039c9d0546632b8a856b3eeabd3bfb3d5b597507ab319b97c281a4a70d748f38bc66fa218a61cb44f55ad997ad5d9c9935
  languageName: node
  linkType: hard

"on-exit-leak-free@npm:^2.1.0":
  version: 2.1.2
  resolution: "on-exit-leak-free@npm:2.1.2"
  checksum: 10c0/faea2e1c9d696ecee919026c32be8d6a633a7ac1240b3b87e944a380e8a11dc9c95c4a1f8fb0568de7ab8db3823e790f12bda45296b1d111e341aad3922a0570
  languageName: node
  linkType: hard

"once@npm:^1.3.1, once@npm:^1.4.0":
  version: 1.4.0
  resolution: "once@npm:1.4.0"
  dependencies:
    wrappy: "npm:1"
  checksum: 10c0/5d48aca287dfefabd756621c5dfce5c91a549a93e9fdb7b8246bc4c4790aa2ec17b34a260530474635147aeb631a2dcc8b32c613df0675f96041cbb8244517d0
  languageName: node
  linkType: hard

"pino-abstract-transport@npm:^2.0.0":
  version: 2.0.0
  resolution: "pino-abstract-transport@npm:2.0.0"
  dependencies:
    split2: "npm:^4.0.0"
  checksum: 10c0/02c05b8f2ffce0d7c774c8e588f61e8b77de8ccb5f8125afd4a7325c9ea0e6af7fb78168999657712ae843e4462bb70ac550dfd6284f930ee57f17f486f25a9f
  languageName: node
  linkType: hard

"pino-pretty@npm:^13.0.0":
  version: 13.0.0
  resolution: "pino-pretty@npm:13.0.0"
  dependencies:
    colorette: "npm:^2.0.7"
    dateformat: "npm:^4.6.3"
    fast-copy: "npm:^3.0.2"
    fast-safe-stringify: "npm:^2.1.1"
    help-me: "npm:^5.0.0"
    joycon: "npm:^3.1.1"
    minimist: "npm:^1.2.6"
    on-exit-leak-free: "npm:^2.1.0"
    pino-abstract-transport: "npm:^2.0.0"
    pump: "npm:^3.0.0"
    secure-json-parse: "npm:^2.4.0"
    sonic-boom: "npm:^4.0.1"
    strip-json-comments: "npm:^3.1.1"
  bin:
    pino-pretty: bin.js
  checksum: 10c0/015dac25006c1b9820b9e01fccb8a392a019e12b30e6bfc3f3f61ecca8dbabcd000a8f3f64410b620b7f5d08579ba85e6ef137f7fbeaad70d46397a97a5f75ea
  languageName: node
  linkType: hard

"pino-std-serializers@npm:^7.0.0":
  version: 7.0.0
  resolution: "pino-std-serializers@npm:7.0.0"
  checksum: 10c0/73e694d542e8de94445a03a98396cf383306de41fd75ecc07085d57ed7a57896198508a0dec6eefad8d701044af21eb27253ccc352586a03cf0d4a0bd25b4133
  languageName: node
  linkType: hard

"pino@npm:^9.6.0":
  version: 9.6.0
  resolution: "pino@npm:9.6.0"
  dependencies:
    atomic-sleep: "npm:^1.0.0"
    fast-redact: "npm:^3.1.1"
    on-exit-leak-free: "npm:^2.1.0"
    pino-abstract-transport: "npm:^2.0.0"
    pino-std-serializers: "npm:^7.0.0"
    process-warning: "npm:^4.0.0"
    quick-format-unescaped: "npm:^4.0.3"
    real-require: "npm:^0.2.0"
    safe-stable-stringify: "npm:^2.3.1"
    sonic-boom: "npm:^4.0.1"
    thread-stream: "npm:^3.0.0"
  bin:
    pino: bin.js
  checksum: 10c0/bcd1e9d9b301bea13b95689ca9ad7105ae9451928fb6c0b67b3e58c5fe37cea1d40665f3d6641e3da00be0bbc17b89031e67abbc8ea6aac6164f399309fd78e7
  languageName: node
  linkType: hard

"plg-bot@workspace:.":
  version: 0.0.0-use.local
  resolution: "plg-bot@workspace:."
  dependencies:
    discord.js: "npm:^14.17.2"
    dotenv: "npm:^16.4.7"
    mysql2: "npm:^3.12.0"
    pino: "npm:^9.6.0"
    pino-pretty: "npm:^13.0.0"
  languageName: unknown
  linkType: soft

"process-warning@npm:^4.0.0":
  version: 4.0.0
  resolution: "process-warning@npm:4.0.0"
  checksum: 10c0/5312a72b69d37a1b82ad03f3dfa0090dab3804a8fd995d06c28e3c002852bd82f5584217d9f4a3f197892bb2afc22d57e2c662c7e906b5abb48c0380c7b0880d
  languageName: node
  linkType: hard

"pump@npm:^3.0.0":
  version: 3.0.2
  resolution: "pump@npm:3.0.2"
  dependencies:
    end-of-stream: "npm:^1.1.0"
    once: "npm:^1.3.1"
  checksum: 10c0/5ad655cb2a7738b4bcf6406b24ad0970d680649d996b55ad20d1be8e0c02394034e4c45ff7cd105d87f1e9b96a0e3d06fd28e11fae8875da26e7f7a8e2c9726f
  languageName: node
  linkType: hard

"quick-format-unescaped@npm:^4.0.3":
  version: 4.0.4
  resolution: "quick-format-unescaped@npm:4.0.4"
  checksum: 10c0/fe5acc6f775b172ca5b4373df26f7e4fd347975578199e7d74b2ae4077f0af05baa27d231de1e80e8f72d88275ccc6028568a7a8c9ee5e7368ace0e18eff93a4
  languageName: node
  linkType: hard

"real-require@npm:^0.2.0":
  version: 0.2.0
  resolution: "real-require@npm:0.2.0"
  checksum: 10c0/23eea5623642f0477412ef8b91acd3969015a1501ed34992ada0e3af521d3c865bb2fe4cdbfec5fe4b505f6d1ef6a03e5c3652520837a8c3b53decff7e74b6a0
  languageName: node
  linkType: hard

"safe-stable-stringify@npm:^2.3.1":
  version: 2.5.0
  resolution: "safe-stable-stringify@npm:2.5.0"
  checksum: 10c0/baea14971858cadd65df23894a40588ed791769db21bafb7fd7608397dbdce9c5aac60748abae9995e0fc37e15f2061980501e012cd48859740796bea2987f49
  languageName: node
  linkType: hard

"safer-buffer@npm:>= 2.1.2 < 3.0.0":
  version: 2.1.2
  resolution: "safer-buffer@npm:2.1.2"
  checksum: 10c0/7e3c8b2e88a1841c9671094bbaeebd94448111dd90a81a1f606f3f67708a6ec57763b3b47f06da09fc6054193e0e6709e77325415dc8422b04497a8070fa02d4
  languageName: node
  linkType: hard

"secure-json-parse@npm:^2.4.0":
  version: 2.7.0
  resolution: "secure-json-parse@npm:2.7.0"
  checksum: 10c0/f57eb6a44a38a3eeaf3548228585d769d788f59007454214fab9ed7f01fbf2e0f1929111da6db28cf0bcc1a2e89db5219a59e83eeaec3a54e413a0197ce879e4
  languageName: node
  linkType: hard

"seq-queue@npm:^0.0.5":
  version: 0.0.5
  resolution: "seq-queue@npm:0.0.5"
  checksum: 10c0/ec870fc392f0e6e99ec0e551c3041c1a66144d1580efabae7358e572de127b0ad2f844c95a4861d2e6203f836adea4c8196345b37bed55331ead8f22d99ac84c
  languageName: node
  linkType: hard

"sonic-boom@npm:^4.0.1":
  version: 4.2.0
  resolution: "sonic-boom@npm:4.2.0"
  dependencies:
    atomic-sleep: "npm:^1.0.0"
  checksum: 10c0/ae897e6c2cd6d3cb7cdcf608bc182393b19c61c9413a85ce33ffd25891485589f39bece0db1de24381d0a38fc03d08c9862ded0c60f184f1b852f51f97af9684
  languageName: node
  linkType: hard

"split2@npm:^4.0.0":
  version: 4.2.0
  resolution: "split2@npm:4.2.0"
  checksum: 10c0/b292beb8ce9215f8c642bb68be6249c5a4c7f332fc8ecadae7be5cbdf1ea95addc95f0459ef2e7ad9d45fd1064698a097e4eb211c83e772b49bc0ee423e91534
  languageName: node
  linkType: hard

"sqlstring@npm:^2.3.2":
  version: 2.3.3
  resolution: "sqlstring@npm:2.3.3"
  checksum: 10c0/3b5dd7badb3d6312f494cfa6c9a381ee630fbe3dbd571c4c9eb8ecdb99a7bf5a1f7a5043191d768797f6b3c04eed5958ac6a5f948b998f0a138294c6d3125fbd
  languageName: node
  linkType: hard

"strip-json-comments@npm:^3.1.1":
  version: 3.1.1
  resolution: "strip-json-comments@npm:3.1.1"
  checksum: 10c0/9681a6257b925a7fa0f285851c0e613cc934a50661fa7bb41ca9cbbff89686bb4a0ee366e6ecedc4daafd01e83eee0720111ab294366fe7c185e935475ebcecd
  languageName: node
  linkType: hard

"thread-stream@npm:^3.0.0":
  version: 3.1.0
  resolution: "thread-stream@npm:3.1.0"
  dependencies:
    real-require: "npm:^0.2.0"
  checksum: 10c0/c36118379940b77a6ef3e6f4d5dd31e97b8210c3f7b9a54eb8fe6358ab173f6d0acfaf69b9c3db024b948c0c5fd2a7df93e2e49151af02076b35ada3205ec9a6
  languageName: node
  linkType: hard

"ts-mixer@npm:^6.0.4":
  version: 6.0.4
  resolution: "ts-mixer@npm:6.0.4"
  checksum: 10c0/4c442fc99cdffd4a3f0ce55c624fb703f4ded5cab6912f97705489565c4a74d3e4213f10c33499ec5150900a628d38537a9a6a9e35b5045b65129a84b4db21ae
  languageName: node
  linkType: hard

"tslib@npm:^2.6.2, tslib@npm:^2.6.3":
  version: 2.8.1
  resolution: "tslib@npm:2.8.1"
  checksum: 10c0/9c4759110a19c53f992d9aae23aac5ced636e99887b51b9e61def52611732872ff7668757d4e4c61f19691e36f4da981cd9485e869b4a7408d689f6bf1f14e62
  languageName: node
  linkType: hard

"undici-types@npm:~6.20.0":
  version: 6.20.0
  resolution: "undici-types@npm:6.20.0"
  checksum: 10c0/68e659a98898d6a836a9a59e6adf14a5d799707f5ea629433e025ac90d239f75e408e2e5ff086afc3cace26f8b26ee52155293564593fbb4a2f666af57fc59bf
  languageName: node
  linkType: hard

"undici@npm:6.19.8":
  version: 6.19.8
  resolution: "undici@npm:6.19.8"
  checksum: 10c0/07fd8520bce7e34ea29c07ef0de27b734183042cdb4e2f1262cd1fb9b755a6b04ff2471040395dfb1770fb7786069a97c5178bcf706b80a34075994f46feb37c
  languageName: node
  linkType: hard

"wrappy@npm:1":
  version: 1.0.2
  resolution: "wrappy@npm:1.0.2"
  checksum: 10c0/56fece1a4018c6a6c8e28fbc88c87e0fbf4ea8fd64fc6c63b18f4acc4bd13e0ad2515189786dd2c30d3eec9663d70f4ecf699330002f8ccb547e4a18231fc9f0
  languageName: node
  linkType: hard

"ws@npm:^8.17.0":
  version: 8.18.0
  resolution: "ws@npm:8.18.0"
  peerDependencies:
    bufferutil: ^4.0.1
    utf-8-validate: ">=5.0.2"
  peerDependenciesMeta:
    bufferutil:
      optional: true
    utf-8-validate:
      optional: true
  checksum: 10c0/25eb33aff17edcb90721ed6b0eb250976328533ad3cd1a28a274bd263682e7296a6591ff1436d6cbc50fa67463158b062f9d1122013b361cec99a05f84680e06
  languageName: node
  linkType: hard
